schema: '2.0'
stages:
  load_data:
    cmd: python src/load_data.py
    deps:
    - path: src/load_data.py
      md5: c5787b0916e011ea4a83c7d461325188
      size: 240
    outs:
    - path: output/data.pkl
      md5: 35353c71da0985eed8bb507bbc53bd91
      size: 54950285
  train:
    cmd: python src/train.py
    deps:
    - path: output/data.pkl
      md5: 35353c71da0985eed8bb507bbc53bd91
      size: 54950285
    - path: src/train.py
      md5: b2b36c7878bfafa294bb9a963b97d115
      size: 2521
    params:
      params.yaml:
        train.batch_size: 128
        train.dropout: 0.4
        train.hidden_units: 64
        train.lr: 0.001
        train.num_epochs: 10
    outs:
    - path: output/model.h5
      md5: b23662125b47e5f80e4d1fcaf95d63b2
      size: 3680480
    - path: output/train/train_accuracy.csv
      md5: 8a094f6fdb7514fa162532aff894fa68
      size: 225
    - path: output/train/train_loss.csv
      md5: e0cc00c35efcbd851f1263e568d00583
      size: 228
  evaluate:
    cmd: python src/evaluate.py
    deps:
    - path: output/data.pkl
      md5: 35353c71da0985eed8bb507bbc53bd91
      size: 54950285
    - path: output/model.h5
      md5: b23662125b47e5f80e4d1fcaf95d63b2
      size: 3680480
    - path: src/evaluate.py
      md5: f1de572f6c093813c7344ab3e7c569e9
      size: 3236
    outs:
    - path: output/metrics.json
      md5: b29956032a06a1d806165d21d80d306d
      size: 61
    - path: output/test/predictions.json
      md5: 648f2dc6e7c262ca7189193602ba090f
      size: 310000
    - path: output/test/samples_of_mispredicted_images/
      md5: f1909170529de28db60c38028ecb0297.dir
      size: 171699
      nfiles: 10
