schema: '2.0'
stages:
  load_data:
    cmd: python src/load_data.py
    deps:
    - path: src/load_data.py
      md5: db94f13dab25164fb992831442e357e7
      size: 228
    outs:
    - path: output/data.pkl
      md5: 35353c71da0985eed8bb507bbc53bd91
      size: 54950285
  train:
    cmd: python src/train.py
    deps:
    - path: output/data.pkl
      md5: 35353c71da0985eed8bb507bbc53bd91
      size: 54950285
    - path: src/train.py
      md5: 6d4bb445c1c3c89ee753148f7cdc793b
      size: 2377
    params:
      params.yaml:
        train.batch_size: 128
        train.dropout: 0.4
        train.hidden_units: 64
        train.lr: 0.001
        train.num_epochs: 10
    outs:
    - path: output/model.h5
      md5: 0812d78724226a9c9d820207317d023c
      size: 3680480
    - path: output/train_logs.csv
      md5: fdf18d6bb9c2655dda9d993cf6a69c5c
      size: 422
  evaluate:
    cmd: python src/evaluate.py
    deps:
    - path: output/data.pkl
      md5: 35353c71da0985eed8bb507bbc53bd91
      size: 54950285
    - path: output/model.h5
      md5: 0812d78724226a9c9d820207317d023c
      size: 3680480
    - path: src/evaluate.py
      md5: 56af2219bbc7599971432616d8afdf13
      size: 1161
    outs:
    - path: output/metrics.json
      md5: b273030de7f04dddd25e95717f353c5f
      size: 61
    - path: output/predictions.json
      md5: 7d81e303d8dd23d6e3a3ea5456a68ead
      size: 310000
